
Microsoft Visual Studio Solution File, Format Version 12.00
# Visual Studio 15
VisualStudioVersion = 15.0.28010.2041
MinimumVisualStudioVersion = 10.0.40219.1
Project("{FAE04EC0-301F-11D3-BF4B-00C04F79EFBC}") = "Proto", "Proto.csproj", "{F5C85BAF-EB9E-4BA9-80F3-8FF4CB900C68}"
EndProject
Global
	GlobalSection(SolutionConfigurationPlatforms) = preSolution
		Debug|Any CPU = Debug|Any CPU
		Release|Any CPU = Release|Any CPU
	EndGlobalSection
	GlobalSection(ProjectConfigurationPlatforms) = postSolution
		{F5C85BAF-EB9E-4BA9-80F3-8FF4CB900C68}.Debug|Any CPU.ActiveCfg = Debug|Any CPU
		{F5C85BAF-EB9E-4BA9-80F3-8FF4CB900C68}.Debug|Any CPU.Build.0 = Debug|Any CPU
		{F5C85BAF-EB9E-4BA9-80F3-8FF4CB900C68}.Release|Any CPU.ActiveCfg = Release|Any CPU
		{F5C85BAF-EB9E-4BA9-80F3-8FF4CB900C68}.Release|Any CPU.Build.0 = Release|Any CPU
	EndGlobalSection
	GlobalSection(SolutionProperties) = preSolution
		HideSolutionNode = FALSE
	EndGlobalSection
	GlobalSection(ExtensibilityGlobals) = postSolution
		SolutionGuid = {93EB389E-EFF8-4199-A8C8-5E9245CA1539}
	EndGlobalSection
EndGlobal
